
Microsoft Visual Studio Solution File, Format Version 12.00
# Visual Studio 15
VisualStudioVersion = 15.0.28010.2046
MinimumVisualStudioVersion = 10.0.40219.1
Project("{FAE04EC0-301F-11D3-BF4B-00C04F79EFBC}") = "View", "View\View.csproj", "{C218CFAB-52A3-4223-8D57-3D9A4CB39F2C}"
EndProject
Project("{FAE04EC0-301F-11D3-BF4B-00C04F79EFBC}") = "Model", "Model\Model.csproj", "{781F5206-2F9F-4C33-9638-9166E9F7D733}"
EndProject
Project("{FAE04EC0-301F-11D3-BF4B-00C04F79EFBC}") = "Repository", "Repository\Repository.csproj", "{606E7C47-A1A8-40D2-A3DC-F1C8E742E7AD}"
EndProject
Global
	GlobalSection(SolutionConfigurationPlatforms) = preSolution
		Debug|Any CPU = Debug|Any CPU
		Release|Any CPU = Release|Any CPU
	EndGlobalSection
	GlobalSection(ProjectConfigurationPlatforms) = postSolution
		{C218CFAB-52A3-4223-8D57-3D9A4CB39F2C}.Debug|Any CPU.ActiveCfg = Debug|Any CPU
		{C218CFAB-52A3-4223-8D57-3D9A4CB39F2C}.Debug|Any CPU.Build.0 = Debug|Any CPU
		{C218CFAB-52A3-4223-8D57-3D9A4CB39F2C}.Release|Any CPU.ActiveCfg = Release|Any CPU
		{C218CFAB-52A3-4223-8D57-3D9A4CB39F2C}.Release|Any CPU.Build.0 = Release|Any CPU
		{781F5206-2F9F-4C33-9638-9166E9F7D733}.Debug|Any CPU.ActiveCfg = Debug|Any CPU
		{781F5206-2F9F-4C33-9638-9166E9F7D733}.Debug|Any CPU.Build.0 = Debug|Any CPU
		{781F5206-2F9F-4C33-9638-9166E9F7D733}.Release|Any CPU.ActiveCfg = Release|Any CPU
		{781F5206-2F9F-4C33-9638-9166E9F7D733}.Release|Any CPU.Build.0 = Release|Any CPU
		{606E7C47-A1A8-40D2-A3DC-F1C8E742E7AD}.Debug|Any CPU.ActiveCfg = Debug|Any CPU
		{606E7C47-A1A8-40D2-A3DC-F1C8E742E7AD}.Debug|Any CPU.Build.0 = Debug|Any CPU
		{606E7C47-A1A8-40D2-A3DC-F1C8E742E7AD}.Release|Any CPU.ActiveCfg = Release|Any CPU
		{606E7C47-A1A8-40D2-A3DC-F1C8E742E7AD}.Release|Any CPU.Build.0 = Release|Any CPU
	EndGlobalSection
	GlobalSection(SolutionProperties) = preSolution
		HideSolutionNode = FALSE
	EndGlobalSection
	GlobalSection(ExtensibilityGlobals) = postSolution
		SolutionGuid = {52FCCF95-33CA-46F9-AE05-5BD073265E1C}
	EndGlobalSection
EndGlobal
